# This file is generated by running "yarn install" inside your project.
# Manual changes might be lost - proceed with caution!

__metadata:
  version: 6
  cacheKey: 8

"coup_2player@workspace:.":
  version: 0.0.0-use.local
  resolution: "coup_2player@workspace:."
  dependencies:
    prettier: 2.6.2
    random-seed: ^0.3.0
  languageName: unknown
  linkType: soft

"json-stringify-safe@npm:^5.0.1":
  version: 5.0.1
  resolution: "json-stringify-safe@npm:5.0.1"
  checksum: 48ec0adad5280b8a96bb93f4563aa1667fd7a36334f79149abd42446d0989f2ddc58274b479f4819f1f00617957e6344c886c55d05a4e15ebb4ab931e4a6a8ee
  languageName: node
  linkType: hard

"prettier@npm:2.6.2":
  version: 2.6.2
  resolution: "prettier@npm:2.6.2"
  bin:
    prettier: bin-prettier.js
  checksum: 48d08dde8e9fb1f5bccdd205baa7f192e9fc8bc98f86e1b97d919de804e28c806b0e6cc685e4a88211aa7987fa9668f30baae19580d87ced3ed0f2ec6572106f
  languageName: node
  linkType: hard

"random-seed@npm:^0.3.0":
  version: 0.3.0
  resolution: "random-seed@npm:0.3.0"
  dependencies:
    json-stringify-safe: ^5.0.1
  checksum: 0a82692fc8d830bc26259dad78a911969343c247afb4be5d578c30fd9fbe76c7ce3f6900422310fc90fe05d6baa12e84a1b9ff93b0b7fda757ecfa40645a1f72
  languageName: node
  linkType: hard
